<?xml version="1.0" encoding="utf-8"?>
<Project ToolsVersion="4.0" xmlns="http://schemas.microsoft.com/developer/msbuild/2003">
  <ItemGroup>
    <Filter Include="src">
      <UniqueIdentifier>{0e93b93d-ed8d-4b5c-aad8-1f9473ef592f}</UniqueIdentifier>
    </Filter>
    <Filter Include="src\logic">
      <UniqueIdentifier>{78008a6a-9ce3-412a-a471-713aa728055a}</UniqueIdentifier>
    </Filter>
    <Filter Include="src\objects">
      <UniqueIdentifier>{c0080ad6-ad72-41c4-a1c4-b7f41216bd21}</UniqueIdentifier>
    </Filter>
  </ItemGroup>
  <ItemGroup>
    <ClCompile Include="..\src\logic\Collisions.cpp">
      <Filter>src\logic</Filter>
    </ClCompile>
    <ClCompile Include="..\src\logic\Main.cpp">
      <Filter>src\logic</Filter>
    </ClCompile>
    <ClCompile Include="..\src\objects\Ball.cpp">
      <Filter>src\objects</Filter>
    </ClCompile>
    <ClCompile Include="..\src\objects\players.cpp">
      <Filter>src\objects</Filter>
    </ClCompile>
    <ClCompile Include="Mainframe.cpp">
      <Filter>src\logic</Filter>
    </ClCompile>
  </ItemGroup>
  <ItemGroup>
    <ClInclude Include="..\src\logic\Collisions.h">
      <Filter>src\logic</Filter>
    </ClInclude>
    <ClInclude Include="..\src\objects\Ball.h">
      <Filter>src\objects</Filter>
    </ClInclude>
    <ClInclude Include="..\src\objects\players.h">
      <Filter>src\objects</Filter>
    </ClInclude>
    <ClInclude Include="Mainframe.h">
      <Filter>src\logic</Filter>
    </ClInclude>
  </ItemGroup>
</Project>